{
  "name": "TLDR",
  "lockfileVersion": 3,
  "requires": true,
  "packages": {
    "": {
      "dependencies": {
        "chrome-types": "^0.1.411"
      }
    },
    "node_modules/chrome-types": {
      "version": "0.1.411",
      "resolved": "https://registry.npmjs.org/chrome-types/-/chrome-types-0.1.411.tgz",
      "integrity": "sha512-aWXGpVWGNyLJoJY4Sbl2thYv6/XLDCViXVSjQzDaBzfdLHoUl4qqdJuiyxlLO4rKmQ+B23rZqeVrOccGK+4wIQ==",
      "license": "Apache-2.0"
    }
  }
}
